
Microsoft Visual Studio Solution File, Format Version 12.00
# Visual Studio 2013
VisualStudioVersion = 12.0.21005.1
MinimumVisualStudioVersion = 10.0.40219.1
Project("{8BC9CEB8-8B4A-11D0-8D11-00A0C91BC942}") = "ardroneLib_tk_v_0_3", "ardroneLib_tk_v_0_3\ardroneLib_tk_v_0_3.vcxproj", "{F22864EE-01B4-4682-8C56-D91B82D9EC4D}"
EndProject
Project("{8BC9CEB8-8B4A-11D0-8D11-00A0C91BC942}") = "ardroneLib_tk_v_1_0_0", "ardroneLib_tk_v_1_0_0\ardroneLib_tk_v_1_0_0.vcxproj", "{C7F145F9-9709-492F-8F29-7B04B21CE6D1}"
EndProject
Project("{8BC9CEB8-8B4A-11D0-8D11-00A0C91BC942}") = "v_1.0.0_demo", "v_1.0.0_demo\v_1.0.0_demo.vcxproj", "{75B10FF5-22B1-4898-9068-B2055071EF17}"
EndProject
Project("{8BC9CEB8-8B4A-11D0-8D11-00A0C91BC942}") = "pack_recv", "pack_recv\pack_recv.vcxproj", "{2F20995C-D13F-4CA1-81B7-4FB6E0E767AD}"
EndProject
Global
	GlobalSection(SolutionConfigurationPlatforms) = preSolution
		Debug|Win32 = Debug|Win32
		Release|Win32 = Release|Win32
	EndGlobalSection
	GlobalSection(ProjectConfigurationPlatforms) = postSolution
		{F22864EE-01B4-4682-8C56-D91B82D9EC4D}.Debug|Win32.ActiveCfg = Debug|Win32
		{F22864EE-01B4-4682-8C56-D91B82D9EC4D}.Debug|Win32.Build.0 = Debug|Win32
		{F22864EE-01B4-4682-8C56-D91B82D9EC4D}.Release|Win32.ActiveCfg = Release|Win32
		{F22864EE-01B4-4682-8C56-D91B82D9EC4D}.Release|Win32.Build.0 = Release|Win32
		{C7F145F9-9709-492F-8F29-7B04B21CE6D1}.Debug|Win32.ActiveCfg = Debug|Win32
		{C7F145F9-9709-492F-8F29-7B04B21CE6D1}.Debug|Win32.Build.0 = Debug|Win32
		{C7F145F9-9709-492F-8F29-7B04B21CE6D1}.Release|Win32.ActiveCfg = Release|Win32
		{C7F145F9-9709-492F-8F29-7B04B21CE6D1}.Release|Win32.Build.0 = Release|Win32
		{75B10FF5-22B1-4898-9068-B2055071EF17}.Debug|Win32.ActiveCfg = Debug|Win32
		{75B10FF5-22B1-4898-9068-B2055071EF17}.Debug|Win32.Build.0 = Debug|Win32
		{75B10FF5-22B1-4898-9068-B2055071EF17}.Release|Win32.ActiveCfg = Release|Win32
		{75B10FF5-22B1-4898-9068-B2055071EF17}.Release|Win32.Build.0 = Release|Win32
		{2F20995C-D13F-4CA1-81B7-4FB6E0E767AD}.Debug|Win32.ActiveCfg = Debug|Win32
		{2F20995C-D13F-4CA1-81B7-4FB6E0E767AD}.Debug|Win32.Build.0 = Debug|Win32
		{2F20995C-D13F-4CA1-81B7-4FB6E0E767AD}.Release|Win32.ActiveCfg = Release|Win32
		{2F20995C-D13F-4CA1-81B7-4FB6E0E767AD}.Release|Win32.Build.0 = Release|Win32
	EndGlobalSection
	GlobalSection(SolutionProperties) = preSolution
		HideSolutionNode = FALSE
	EndGlobalSection
EndGlobal
